
Microsoft Visual Studio Solution File, Format Version 12.00
# Visual Studio Version 16
VisualStudioVersion = 16.0.29519.181
MinimumVisualStudioVersion = 10.0.40219.1
Project("{FAE04EC0-301F-11D3-BF4B-00C04F79EFBC}") = "ZydusFrontline.API", "ZydusFrontline.API.csproj", "{C06A9E0B-D504-4FDD-9EE0-9235F3B4D93E}"
EndProject
Project("{FAE04EC0-301F-11D3-BF4B-00C04F79EFBC}") = "ZydusFrontline.Entity", "..\ZydusFrontline.Entity\ZydusFrontline.Entity.csproj", "{831B3241-A691-43E7-B263-2574B6AF1D73}"
EndProject
Project("{FAE04EC0-301F-11D3-BF4B-00C04F79EFBC}") = "ZydusFrontline.Repository", "..\ZydusFrontline.Repository\ZydusFrontline.Repository.csproj", "{EE52DF38-164D-4B26-B1B6-BCE9DD25DD07}"
EndProject
Project("{FAE04EC0-301F-11D3-BF4B-00C04F79EFBC}") = "ZydusFrontline.Services", "..\ZydusFrontline.Services\ZydusFrontline.Services.csproj", "{FF4FE4D6-BDDE-403F-9516-EA5059375F60}"
EndProject
Project("{FAE04EC0-301F-11D3-BF4B-00C04F79EFBC}") = "ZydusFrontline.Interface", "..\ZydusFrontline.Interface\ZydusFrontline.Interface.csproj", "{2E7817B5-46F3-45B7-8DED-F76FA5291785}"
EndProject
Global
	GlobalSection(SolutionConfigurationPlatforms) = preSolution
		Debug|Any CPU = Debug|Any CPU
		Release|Any CPU = Release|Any CPU
	EndGlobalSection
	GlobalSection(ProjectConfigurationPlatforms) = postSolution
		{C06A9E0B-D504-4FDD-9EE0-9235F3B4D93E}.Debug|Any CPU.ActiveCfg = Debug|Any CPU
		{C06A9E0B-D504-4FDD-9EE0-9235F3B4D93E}.Debug|Any CPU.Build.0 = Debug|Any CPU
		{C06A9E0B-D504-4FDD-9EE0-9235F3B4D93E}.Release|Any CPU.ActiveCfg = Release|Any CPU
		{C06A9E0B-D504-4FDD-9EE0-9235F3B4D93E}.Release|Any CPU.Build.0 = Release|Any CPU
		{831B3241-A691-43E7-B263-2574B6AF1D73}.Debug|Any CPU.ActiveCfg = Debug|Any CPU
		{831B3241-A691-43E7-B263-2574B6AF1D73}.Debug|Any CPU.Build.0 = Debug|Any CPU
		{831B3241-A691-43E7-B263-2574B6AF1D73}.Release|Any CPU.ActiveCfg = Release|Any CPU
		{831B3241-A691-43E7-B263-2574B6AF1D73}.Release|Any CPU.Build.0 = Release|Any CPU
		{EE52DF38-164D-4B26-B1B6-BCE9DD25DD07}.Debug|Any CPU.ActiveCfg = Debug|Any CPU
		{EE52DF38-164D-4B26-B1B6-BCE9DD25DD07}.Debug|Any CPU.Build.0 = Debug|Any CPU
		{EE52DF38-164D-4B26-B1B6-BCE9DD25DD07}.Release|Any CPU.ActiveCfg = Release|Any CPU
		{EE52DF38-164D-4B26-B1B6-BCE9DD25DD07}.Release|Any CPU.Build.0 = Release|Any CPU
		{FF4FE4D6-BDDE-403F-9516-EA5059375F60}.Debug|Any CPU.ActiveCfg = Debug|Any CPU
		{FF4FE4D6-BDDE-403F-9516-EA5059375F60}.Debug|Any CPU.Build.0 = Debug|Any CPU
		{FF4FE4D6-BDDE-403F-9516-EA5059375F60}.Release|Any CPU.ActiveCfg = Release|Any CPU
		{FF4FE4D6-BDDE-403F-9516-EA5059375F60}.Release|Any CPU.Build.0 = Release|Any CPU
		{2E7817B5-46F3-45B7-8DED-F76FA5291785}.Debug|Any CPU.ActiveCfg = Debug|Any CPU
		{2E7817B5-46F3-45B7-8DED-F76FA5291785}.Debug|Any CPU.Build.0 = Debug|Any CPU
		{2E7817B5-46F3-45B7-8DED-F76FA5291785}.Release|Any CPU.ActiveCfg = Release|Any CPU
		{2E7817B5-46F3-45B7-8DED-F76FA5291785}.Release|Any CPU.Build.0 = Release|Any CPU
	EndGlobalSection
	GlobalSection(SolutionProperties) = preSolution
		HideSolutionNode = FALSE
	EndGlobalSection
	GlobalSection(ExtensibilityGlobals) = postSolution
		SolutionGuid = {5F9791F6-961B-40BD-BF23-0C75C690C961}
	EndGlobalSection
EndGlobal
